
Microsoft Visual Studio Solution File, Format Version 12.00
# Visual Studio 15
VisualStudioVersion = 15.0.26114.2
MinimumVisualStudioVersion = 10.0.40219.1
Project("{2150E333-8FDC-42A3-9474-1A3956D46DE8}") = "Generators", "Generators", "{EF9E346D-70C6-45F5-8FF9-9B734F4A1298}"
EndProject
Project("{2150E333-8FDC-42A3-9474-1A3956D46DE8}") = ".build", ".build", "{04E8E124-852C-4B5D-83EB-0B8ADDE825CB}"
	ProjectSection(SolutionItems) = preProject
		build.proj = build.proj
		ChangeLog.txt = ChangeLog.txt
		gulpfile.js = gulpfile.js
		package.json = package.json
		README.md = README.md
	EndProjectSection
EndProject
Project("{2150E333-8FDC-42A3-9474-1A3956D46DE8}") = "Tools", "Tools", "{5989E210-AE15-4DF4-8CEE-DEE609740FD2}"
	ProjectSection(SolutionItems) = preProject
		Tools\AutoRest.Settings.targets = Tools\AutoRest.Settings.targets
		Tools\CustomDictionary.xml = Tools\CustomDictionary.xml
		Tools\ManagedRules.ruleset = Tools\ManagedRules.ruleset
		Tools\NuGet.targets = Tools\NuGet.targets
		Tools\references.net45.props = Tools\references.net45.props
		Tools\references.portable.props = Tools\references.portable.props
		Tools\TestRules.ruleset = Tools\TestRules.ruleset
	EndProjectSection
EndProject
Project("{2150E333-8FDC-42A3-9474-1A3956D46DE8}") = "gulp", "gulp", "{9750C692-C2D0-4D0F-9F73-D45DB9E906CE}"
	ProjectSection(SolutionItems) = preProject
		Tools\gulp\gulp-nuget-proj-sync.js = Tools\gulp\gulp-nuget-proj-sync.js
		Tools\gulp\gulp-nuspec-sync.js = Tools\gulp\gulp-nuspec-sync.js
		Tools\gulp\gulp-regenerate-expected.js = Tools\gulp\gulp-regenerate-expected.js
		Tools\gulp\gulp-runtime-version-sync.js = Tools\gulp\gulp-runtime-version-sync.js
	EndProjectSection
EndProject
Project("{2150E333-8FDC-42A3-9474-1A3956D46DE8}") = "Solution Items", "Solution Items", "{87F4BC36-8A28-4BF7-B9C4-3EE2CD9731CD}"
	ProjectSection(SolutionItems) = preProject
		NuGet.Config = NuGet.Config
		schema\swagger-extensions.json = schema\swagger-extensions.json
	EndProjectSection
EndProject
Project("{2150E333-8FDC-42A3-9474-1A3956D46DE8}") = "Python", "Python", "{74F7C659-952F-400C-839F-90BED9BB66C3}"
EndProject
Project("{888888A0-9F3D-457C-B088-3A5042F75D52}") = "Python.Tests", "src\generator\AutoRest.Python.Tests\Python.Tests.pyproj", "{312B07BC-A830-4289-91B4-C53A2EC37D58}"
EndProject
Project("{888888A0-9F3D-457C-B088-3A5042F75D52}") = "Python.Tests.Azure", "src\generator\AutoRest.Python.Azure.Tests\Python.Tests.Azure.pyproj", "{74BE0601-FF65-4B46-8A8B-E670056061C4}"
EndProject
Project("{2150E333-8FDC-42A3-9474-1A3956D46DE8}") = "src", "src", "{6CC7C2CF-34B9-4ADE-983A-84861173FBF9}"
EndProject
Project("{2150E333-8FDC-42A3-9474-1A3956D46DE8}") = "client", "client", "{A5CDCD16-0828-4787-9D6C-680E0527339D}"
EndProject
Project("{FAE04EC0-301F-11D3-BF4B-00C04F79EFBC}") = "Microsoft.Rest.ClientRuntime", "src\client\Microsoft.Rest.ClientRuntime\Microsoft.Rest.ClientRuntime.csproj", "{5FD8575D-C2E6-4FD1-9503-990028A843A2}"
EndProject
Project("{FAE04EC0-301F-11D3-BF4B-00C04F79EFBC}") = "Microsoft.Rest.ClientRuntime.Azure", "src\client\Microsoft.Rest.ClientRuntime.Azure\Microsoft.Rest.ClientRuntime.Azure.csproj", "{5FDBB447-0C72-4EA2-B670-007720A1AF68}"
EndProject
Project("{FAE04EC0-301F-11D3-BF4B-00C04F79EFBC}") = "Microsoft.Rest.ClientRuntime.Etw", "src\client\Microsoft.Rest.ClientRuntime.Etw\Microsoft.Rest.ClientRuntime.Etw.csproj", "{D1C35516-B6D0-4B7C-B4ED-99812403BAE7}"
EndProject
Project("{FAE04EC0-301F-11D3-BF4B-00C04F79EFBC}") = "Microsoft.Rest.ClientRuntime.Log4Net", "src\client\Microsoft.Rest.ClientRuntime.Log4Net\Microsoft.Rest.ClientRuntime.Log4Net.csproj", "{E2A93F7B-0C6A-4CAC-AC12-ACAE910BDD87}"
EndProject
Project("{FAE04EC0-301F-11D3-BF4B-00C04F79EFBC}") = "Microsoft.Rest.ClientRuntime.Tests", "src\client\Microsoft.Rest.ClientRuntime.Tests\Microsoft.Rest.ClientRuntime.Tests.csproj", "{287F5C97-B487-4B57-B0F7-0C3F6523A93E}"
EndProject
Project("{FAE04EC0-301F-11D3-BF4B-00C04F79EFBC}") = "Microsoft.Rest.ClientRuntime.Tracing.Tests", "src\client\Microsoft.Rest.ClientRuntime.Tracing.Tests\Microsoft.Rest.ClientRuntime.Tracing.Tests.csproj", "{6BB034E5-97DD-4C3C-BDC1-49F8D4BA73B8}"
EndProject
Project("{2150E333-8FDC-42A3-9474-1A3956D46DE8}") = "core", "core", "{49DD2295-9EBD-4B8D-95F9-951D341B39C2}"
EndProject
Project("{FAE04EC0-301F-11D3-BF4B-00C04F79EFBC}") = "AutoRest", "src\core\AutoRest\AutoRest.csproj", "{35E925D1-EBDB-465C-B6AE-F155198A94EC}"
EndProject
Project("{FAE04EC0-301F-11D3-BF4B-00C04F79EFBC}") = "AutoRest.Core", "src\core\AutoRest.Core\AutoRest.Core.csproj", "{41EE67EB-994B-42F8-A30A-9F3E3C1EB4C4}"
EndProject
Project("{2150E333-8FDC-42A3-9474-1A3956D46DE8}") = "modeler", "modeler", "{7FC516E3-923F-438A-AB33-C1E05CFD8746}"
EndProject
Project("{FAE04EC0-301F-11D3-BF4B-00C04F79EFBC}") = "AutoRest.Swagger", "src\modeler\AutoRest.Swagger\AutoRest.Swagger.csproj", "{3D68AA7A-3E38-4E17-BD1C-0295E01E4C24}"
EndProject
Project("{FAE04EC0-301F-11D3-BF4B-00C04F79EFBC}") = "AutoRest.CompositeSwagger", "src\modeler\AutoRest.CompositeSwagger\AutoRest.CompositeSwagger.csproj", "{4601CF1F-4E54-4945-A5B0-40DF98B3CBFA}"
EndProject
Project("{2150E333-8FDC-42A3-9474-1A3956D46DE8}") = "generator", "generator", "{6E1119FD-3075-4037-960F-A4EFDC821E8A}"
EndProject
Project("{FAE04EC0-301F-11D3-BF4B-00C04F79EFBC}") = "AutoRest.CSharp", "src\generator\AutoRest.CSharp\AutoRest.CSharp.csproj", "{2EB117DE-15CA-43D9-A061-024422EEBDD8}"
EndProject
Project("{FAE04EC0-301F-11D3-BF4B-00C04F79EFBC}") = "AutoRest.CSharp.Azure", "src\generator\AutoRest.CSharp.Azure\AutoRest.CSharp.Azure.csproj", "{A278308A-8032-4D24-B990-3E5F0205304B}"
EndProject
Project("{FAE04EC0-301F-11D3-BF4B-00C04F79EFBC}") = "AutoRest.Java.Azure", "src\generator\AutoRest.Java.Azure\AutoRest.Java.Azure.csproj", "{5F953094-B133-4F47-97C8-360D21031F03}"
EndProject
Project("{FAE04EC0-301F-11D3-BF4B-00C04F79EFBC}") = "AutoRest.NodeJS.Azure", "src\generator\AutoRest.NodeJS.Azure\AutoRest.NodeJS.Azure.csproj", "{52F5EBB0-A94D-4414-B25D-886E5B8A6B88}"
EndProject
Project("{FAE04EC0-301F-11D3-BF4B-00C04F79EFBC}") = "AutoRest.Python.Azure", "src\generator\AutoRest.Python.Azure\AutoRest.Python.Azure.csproj", "{89332285-AD9A-4ECA-AB55-62AA4DDC9B5D}"
EndProject
Project("{FAE04EC0-301F-11D3-BF4B-00C04F79EFBC}") = "AutoRest.Ruby.Azure", "src\generator\AutoRest.Ruby.Azure\AutoRest.Ruby.Azure.csproj", "{6CF15589-E022-4783-BAB1-8156DC2940B1}"
EndProject
Project("{FAE04EC0-301F-11D3-BF4B-00C04F79EFBC}") = "AutoRest.AzureResourceSchema", "src\generator\AutoRest.AzureResourceSchema\AutoRest.AzureResourceSchema.csproj", "{04278442-2FB2-4BAF-8BC2-98ED39EADD69}"
EndProject
Project("{FAE04EC0-301F-11D3-BF4B-00C04F79EFBC}") = "AutoRest.Java.Azure.Fluent", "src\generator\AutoRest.Java.Azure.Fluent\AutoRest.Java.Azure.Fluent.csproj", "{35138810-E3E2-4B37-8198-4CFDD488C43D}"
EndProject
Project("{FAE04EC0-301F-11D3-BF4B-00C04F79EFBC}") = "AutoRest.Java", "src\generator\AutoRest.Java\AutoRest.Java.csproj", "{D7E7C0E0-1744-4E98-841C-288102911B4A}"
EndProject
Project("{FAE04EC0-301F-11D3-BF4B-00C04F79EFBC}") = "AutoRest.NodeJS", "src\generator\AutoRest.NodeJS\AutoRest.NodeJS.csproj", "{B4D7B7B5-FA7D-4437-92BD-4DD3BF4FC141}"
EndProject
Project("{FAE04EC0-301F-11D3-BF4B-00C04F79EFBC}") = "AutoRest.Python", "src\generator\AutoRest.Python\AutoRest.Python.csproj", "{400B3133-3870-40A6-B0EF-3C38524D6AEA}"
EndProject
Project("{FAE04EC0-301F-11D3-BF4B-00C04F79EFBC}") = "AutoRest.Ruby", "src\generator\AutoRest.Ruby\AutoRest.Ruby.csproj", "{5CF0F725-26B6-42D6-9277-C5F18B81996B}"
EndProject
Project("{FAE04EC0-301F-11D3-BF4B-00C04F79EFBC}") = "AutoRest.Go", "src\generator\AutoRest.Go\AutoRest.Go.csproj", "{7ED26315-DED8-4F21-AE9F-79C18318220C}"
EndProject
Project("{FAE04EC0-301F-11D3-BF4B-00C04F79EFBC}") = "AutoRest.CSharp.Azure.Fluent", "src\generator\AutoRest.CSharp.Azure.Fluent\AutoRest.CSharp.Azure.Fluent.csproj", "{C29C2ACF-25A1-498E-BC15-D54286644FA6}"
EndProject
Project("{FAE04EC0-301F-11D3-BF4B-00C04F79EFBC}") = "AutoRest.Extensions", "src\core\AutoRest.Extensions\AutoRest.Extensions.csproj", "{4581B577-01E7-4D6D-8368-F47CC7D59A53}"
EndProject
Project("{FAE04EC0-301F-11D3-BF4B-00C04F79EFBC}") = "AutoRest.Extensions.Azure", "src\core\AutoRest.Extensions.Azure\AutoRest.Extensions.Azure.csproj", "{F6C4AB5B-C0FB-489F-97CC-63A5D889849B}"
EndProject
Project("{FAE04EC0-301F-11D3-BF4B-00C04F79EFBC}") = "AutoRest.Core.Tests", "src\core\AutoRest.Core.Tests\AutoRest.Core.Tests.csproj", "{DFF5E23C-3A29-4F9F-9453-C14203F246CC}"
EndProject
Project("{FAE04EC0-301F-11D3-BF4B-00C04F79EFBC}") = "AutoRest.Extensions.Azure.Tests", "src\core\AutoRest.Extensions.Azure.Tests\AutoRest.Extensions.Azure.Tests.csproj", "{9988A1CE-D8D1-4C07-85F6-03B4986EF625}"
EndProject
Project("{FAE04EC0-301F-11D3-BF4B-00C04F79EFBC}") = "AutoRest.Extensions.Tests", "src\core\AutoRest.Extensions.Tests\AutoRest.Extensions.Tests.csproj", "{2A159B5D-B91A-41C4-AF4E-81E17FF56B9E}"
EndProject
Project("{2150E333-8FDC-42A3-9474-1A3956D46DE8}") = "dev", "dev", "{3913F1CE-5133-4A26-8FEA-B557E426E0E6}"
EndProject
Project("{FAE04EC0-301F-11D3-BF4B-00C04F79EFBC}") = "AutoRest.Tooling.CSharp.Compiler", "src\dev\AutoRest.Tooling.CSharp.Compiler\AutoRest.Tooling.CSharp.Compiler.csproj", "{352F3606-CCDD-4885-B485-314B297B459A}"
EndProject
Project("{FAE04EC0-301F-11D3-BF4B-00C04F79EFBC}") = "AutoRest.AzureResourceSchema.Tests", "src\generator\AutoRest.AzureResourceSchema.Tests\AutoRest.AzureResourceSchema.Tests.csproj", "{70A91D98-CCA3-46C5-BFC7-9FAC155C4D03}"
EndProject
Project("{FAE04EC0-301F-11D3-BF4B-00C04F79EFBC}") = "AutoRest.Swagger.Tests", "src\modeler\AutoRest.Swagger.Tests\AutoRest.Swagger.Tests.csproj", "{5607469E-A607-4890-87D7-6B200BCBB272}"
EndProject
Project("{FAE04EC0-301F-11D3-BF4B-00C04F79EFBC}") = "AutoRest.CSharp.Azure.Fluent.Tests", "src\generator\AutoRest.CSharp.Azure.Fluent.Tests\AutoRest.CSharp.Azure.Fluent.Tests.csproj", "{C5B6382B-F315-4578-B898-9D64D837E449}"
EndProject
Project("{FAE04EC0-301F-11D3-BF4B-00C04F79EFBC}") = "AutoRest.CSharp.Tests", "src\generator\AutoRest.CSharp.Tests\AutoRest.CSharp.Tests.csproj", "{9AAD9AE4-BC33-462B-AC57-B9FE293F5F40}"
EndProject
Project("{FAE04EC0-301F-11D3-BF4B-00C04F79EFBC}") = "AutoRest.CSharp.Azure.Tests", "src\generator\AutoRest.CSharp.Azure.Tests\AutoRest.CSharp.Azure.Tests.csproj", "{4DFBE99B-4B94-47A6-91D5-A1C0C8CAA5B9}"
EndProject
Project("{FAE04EC0-301F-11D3-BF4B-00C04F79EFBC}") = "AutoRest.CSharp.Unit.Tests", "src\generator\AutoRest.CSharp.Unit.Tests\AutoRest.CSharp.Unit.Tests.csproj", "{339C6A09-BA0E-48F7-BFBC-FEACDF7AF19F}"
EndProject
Project("{FAE04EC0-301F-11D3-BF4B-00C04F79EFBC}") = "AutoRest.NodeJS.Azure.Tests", "src\generator\AutoRest.NodeJS.Azure.Tests\AutoRest.NodeJS.Azure.Tests.csproj", "{E0D3B02E-21AB-4F11-B642-594653FA4D02}"
EndProject
Project("{FAE04EC0-301F-11D3-BF4B-00C04F79EFBC}") = "AutoRest.NodeJS.Tests", "src\generator\AutoRest.NodeJS.Tests\AutoRest.NodeJS.Tests.csproj", "{451841A1-14A6-43D3-981D-D3F37CBF84DC}"
EndProject
Project("{FAE04EC0-301F-11D3-BF4B-00C04F79EFBC}") = "AutoRest.Python.Azure.Tests", "src\generator\AutoRest.Python.Azure.Tests\AutoRest.Python.Azure.Tests.csproj", "{1B6962E1-ACF6-4C32-B08F-5078125B0707}"
EndProject
Project("{FAE04EC0-301F-11D3-BF4B-00C04F79EFBC}") = "AutoRest.Python.Tests", "src\generator\AutoRest.Python.Tests\AutoRest.Python.Tests.csproj", "{B612EC95-5361-4957-9C2B-2C436E047125}"
EndProject
Project("{FAE04EC0-301F-11D3-BF4B-00C04F79EFBC}") = "AutoRest.CompositeSwagger.Tests", "src\modeler\AutoRest.CompositeSwagger.Tests\AutoRest.CompositeSwagger.Tests.csproj", "{E05EFDF1-0A50-486D-87B7-7DD335096243}"
EndProject
Global
	GlobalSection(SolutionConfigurationPlatforms) = preSolution
		Debug|Any CPU = Debug|Any CPU
		Release|Any CPU = Release|Any CPU
	EndGlobalSection
	GlobalSection(ProjectConfigurationPlatforms) = postSolution
		{312B07BC-A830-4289-91B4-C53A2EC37D58}.Debug|Any CPU.ActiveCfg = Debug|Any CPU
		{312B07BC-A830-4289-91B4-C53A2EC37D58}.Release|Any CPU.ActiveCfg = Release|Any CPU
		{74BE0601-FF65-4B46-8A8B-E670056061C4}.Debug|Any CPU.ActiveCfg = Debug|Any CPU
		{74BE0601-FF65-4B46-8A8B-E670056061C4}.Release|Any CPU.ActiveCfg = Release|Any CPU
		{5FD8575D-C2E6-4FD1-9503-990028A843A2}.Debug|Any CPU.ActiveCfg = Debug|Any CPU
		{5FD8575D-C2E6-4FD1-9503-990028A843A2}.Debug|Any CPU.Build.0 = Debug|Any CPU
		{5FD8575D-C2E6-4FD1-9503-990028A843A2}.Release|Any CPU.ActiveCfg = Release|Any CPU
		{5FD8575D-C2E6-4FD1-9503-990028A843A2}.Release|Any CPU.Build.0 = Release|Any CPU
		{5FDBB447-0C72-4EA2-B670-007720A1AF68}.Debug|Any CPU.ActiveCfg = Debug|Any CPU
		{5FDBB447-0C72-4EA2-B670-007720A1AF68}.Debug|Any CPU.Build.0 = Debug|Any CPU
		{5FDBB447-0C72-4EA2-B670-007720A1AF68}.Release|Any CPU.ActiveCfg = Release|Any CPU
		{5FDBB447-0C72-4EA2-B670-007720A1AF68}.Release|Any CPU.Build.0 = Release|Any CPU
		{D1C35516-B6D0-4B7C-B4ED-99812403BAE7}.Debug|Any CPU.ActiveCfg = Debug|Any CPU
		{D1C35516-B6D0-4B7C-B4ED-99812403BAE7}.Debug|Any CPU.Build.0 = Debug|Any CPU
		{D1C35516-B6D0-4B7C-B4ED-99812403BAE7}.Release|Any CPU.ActiveCfg = Release|Any CPU
		{D1C35516-B6D0-4B7C-B4ED-99812403BAE7}.Release|Any CPU.Build.0 = Release|Any CPU
		{E2A93F7B-0C6A-4CAC-AC12-ACAE910BDD87}.Debug|Any CPU.ActiveCfg = Debug|Any CPU
		{E2A93F7B-0C6A-4CAC-AC12-ACAE910BDD87}.Debug|Any CPU.Build.0 = Debug|Any CPU
		{E2A93F7B-0C6A-4CAC-AC12-ACAE910BDD87}.Release|Any CPU.ActiveCfg = Release|Any CPU
		{E2A93F7B-0C6A-4CAC-AC12-ACAE910BDD87}.Release|Any CPU.Build.0 = Release|Any CPU
		{287F5C97-B487-4B57-B0F7-0C3F6523A93E}.Debug|Any CPU.ActiveCfg = Debug|Any CPU
		{287F5C97-B487-4B57-B0F7-0C3F6523A93E}.Debug|Any CPU.Build.0 = Debug|Any CPU
		{287F5C97-B487-4B57-B0F7-0C3F6523A93E}.Release|Any CPU.ActiveCfg = Release|Any CPU
		{287F5C97-B487-4B57-B0F7-0C3F6523A93E}.Release|Any CPU.Build.0 = Release|Any CPU
		{6BB034E5-97DD-4C3C-BDC1-49F8D4BA73B8}.Debug|Any CPU.ActiveCfg = Debug|Any CPU
		{6BB034E5-97DD-4C3C-BDC1-49F8D4BA73B8}.Debug|Any CPU.Build.0 = Debug|Any CPU
		{6BB034E5-97DD-4C3C-BDC1-49F8D4BA73B8}.Release|Any CPU.ActiveCfg = Release|Any CPU
		{6BB034E5-97DD-4C3C-BDC1-49F8D4BA73B8}.Release|Any CPU.Build.0 = Release|Any CPU
		{35E925D1-EBDB-465C-B6AE-F155198A94EC}.Debug|Any CPU.ActiveCfg = Debug|Any CPU
		{35E925D1-EBDB-465C-B6AE-F155198A94EC}.Debug|Any CPU.Build.0 = Debug|Any CPU
		{35E925D1-EBDB-465C-B6AE-F155198A94EC}.Release|Any CPU.ActiveCfg = Release|Any CPU
		{35E925D1-EBDB-465C-B6AE-F155198A94EC}.Release|Any CPU.Build.0 = Release|Any CPU
		{41EE67EB-994B-42F8-A30A-9F3E3C1EB4C4}.Debug|Any CPU.ActiveCfg = Debug|Any CPU
		{41EE67EB-994B-42F8-A30A-9F3E3C1EB4C4}.Debug|Any CPU.Build.0 = Debug|Any CPU
		{41EE67EB-994B-42F8-A30A-9F3E3C1EB4C4}.Release|Any CPU.ActiveCfg = Release|Any CPU
		{41EE67EB-994B-42F8-A30A-9F3E3C1EB4C4}.Release|Any CPU.Build.0 = Release|Any CPU
		{3D68AA7A-3E38-4E17-BD1C-0295E01E4C24}.Debug|Any CPU.ActiveCfg = Debug|Any CPU
		{3D68AA7A-3E38-4E17-BD1C-0295E01E4C24}.Debug|Any CPU.Build.0 = Debug|Any CPU
		{3D68AA7A-3E38-4E17-BD1C-0295E01E4C24}.Release|Any CPU.ActiveCfg = Release|Any CPU
		{3D68AA7A-3E38-4E17-BD1C-0295E01E4C24}.Release|Any CPU.Build.0 = Release|Any CPU
		{4601CF1F-4E54-4945-A5B0-40DF98B3CBFA}.Debug|Any CPU.ActiveCfg = Debug|Any CPU
		{4601CF1F-4E54-4945-A5B0-40DF98B3CBFA}.Debug|Any CPU.Build.0 = Debug|Any CPU
		{4601CF1F-4E54-4945-A5B0-40DF98B3CBFA}.Release|Any CPU.ActiveCfg = Release|Any CPU
		{4601CF1F-4E54-4945-A5B0-40DF98B3CBFA}.Release|Any CPU.Build.0 = Release|Any CPU
		{2EB117DE-15CA-43D9-A061-024422EEBDD8}.Debug|Any CPU.ActiveCfg = Debug|Any CPU
		{2EB117DE-15CA-43D9-A061-024422EEBDD8}.Debug|Any CPU.Build.0 = Debug|Any CPU
		{2EB117DE-15CA-43D9-A061-024422EEBDD8}.Release|Any CPU.ActiveCfg = Release|Any CPU
		{2EB117DE-15CA-43D9-A061-024422EEBDD8}.Release|Any CPU.Build.0 = Release|Any CPU
		{A278308A-8032-4D24-B990-3E5F0205304B}.Debug|Any CPU.ActiveCfg = Debug|Any CPU
		{A278308A-8032-4D24-B990-3E5F0205304B}.Debug|Any CPU.Build.0 = Debug|Any CPU
		{A278308A-8032-4D24-B990-3E5F0205304B}.Release|Any CPU.ActiveCfg = Release|Any CPU
		{A278308A-8032-4D24-B990-3E5F0205304B}.Release|Any CPU.Build.0 = Release|Any CPU
		{5F953094-B133-4F47-97C8-360D21031F03}.Debug|Any CPU.ActiveCfg = Debug|Any CPU
		{5F953094-B133-4F47-97C8-360D21031F03}.Debug|Any CPU.Build.0 = Debug|Any CPU
		{5F953094-B133-4F47-97C8-360D21031F03}.Release|Any CPU.ActiveCfg = Release|Any CPU
		{5F953094-B133-4F47-97C8-360D21031F03}.Release|Any CPU.Build.0 = Release|Any CPU
		{52F5EBB0-A94D-4414-B25D-886E5B8A6B88}.Debug|Any CPU.ActiveCfg = Debug|Any CPU
		{52F5EBB0-A94D-4414-B25D-886E5B8A6B88}.Debug|Any CPU.Build.0 = Debug|Any CPU
		{52F5EBB0-A94D-4414-B25D-886E5B8A6B88}.Release|Any CPU.ActiveCfg = Release|Any CPU
		{52F5EBB0-A94D-4414-B25D-886E5B8A6B88}.Release|Any CPU.Build.0 = Release|Any CPU
		{89332285-AD9A-4ECA-AB55-62AA4DDC9B5D}.Debug|Any CPU.ActiveCfg = Debug|Any CPU
		{89332285-AD9A-4ECA-AB55-62AA4DDC9B5D}.Debug|Any CPU.Build.0 = Debug|Any CPU
		{89332285-AD9A-4ECA-AB55-62AA4DDC9B5D}.Release|Any CPU.ActiveCfg = Release|Any CPU
		{89332285-AD9A-4ECA-AB55-62AA4DDC9B5D}.Release|Any CPU.Build.0 = Release|Any CPU
		{6CF15589-E022-4783-BAB1-8156DC2940B1}.Debug|Any CPU.ActiveCfg = Debug|Any CPU
		{6CF15589-E022-4783-BAB1-8156DC2940B1}.Debug|Any CPU.Build.0 = Debug|Any CPU
		{6CF15589-E022-4783-BAB1-8156DC2940B1}.Release|Any CPU.ActiveCfg = Release|Any CPU
		{6CF15589-E022-4783-BAB1-8156DC2940B1}.Release|Any CPU.Build.0 = Release|Any CPU
		{04278442-2FB2-4BAF-8BC2-98ED39EADD69}.Debug|Any CPU.ActiveCfg = Debug|Any CPU
		{04278442-2FB2-4BAF-8BC2-98ED39EADD69}.Debug|Any CPU.Build.0 = Debug|Any CPU
		{04278442-2FB2-4BAF-8BC2-98ED39EADD69}.Release|Any CPU.ActiveCfg = Release|Any CPU
		{04278442-2FB2-4BAF-8BC2-98ED39EADD69}.Release|Any CPU.Build.0 = Release|Any CPU
		{35138810-E3E2-4B37-8198-4CFDD488C43D}.Debug|Any CPU.ActiveCfg = Debug|Any CPU
		{35138810-E3E2-4B37-8198-4CFDD488C43D}.Debug|Any CPU.Build.0 = Debug|Any CPU
		{35138810-E3E2-4B37-8198-4CFDD488C43D}.Release|Any CPU.ActiveCfg = Release|Any CPU
		{35138810-E3E2-4B37-8198-4CFDD488C43D}.Release|Any CPU.Build.0 = Release|Any CPU
		{D7E7C0E0-1744-4E98-841C-288102911B4A}.Debug|Any CPU.ActiveCfg = Debug|Any CPU
		{D7E7C0E0-1744-4E98-841C-288102911B4A}.Debug|Any CPU.Build.0 = Debug|Any CPU
		{D7E7C0E0-1744-4E98-841C-288102911B4A}.Release|Any CPU.ActiveCfg = Release|Any CPU
		{D7E7C0E0-1744-4E98-841C-288102911B4A}.Release|Any CPU.Build.0 = Release|Any CPU
		{B4D7B7B5-FA7D-4437-92BD-4DD3BF4FC141}.Debug|Any CPU.ActiveCfg = Debug|Any CPU
		{B4D7B7B5-FA7D-4437-92BD-4DD3BF4FC141}.Debug|Any CPU.Build.0 = Debug|Any CPU
		{B4D7B7B5-FA7D-4437-92BD-4DD3BF4FC141}.Release|Any CPU.ActiveCfg = Release|Any CPU
		{B4D7B7B5-FA7D-4437-92BD-4DD3BF4FC141}.Release|Any CPU.Build.0 = Release|Any CPU
		{400B3133-3870-40A6-B0EF-3C38524D6AEA}.Debug|Any CPU.ActiveCfg = Debug|Any CPU
		{400B3133-3870-40A6-B0EF-3C38524D6AEA}.Debug|Any CPU.Build.0 = Debug|Any CPU
		{400B3133-3870-40A6-B0EF-3C38524D6AEA}.Release|Any CPU.ActiveCfg = Release|Any CPU
		{400B3133-3870-40A6-B0EF-3C38524D6AEA}.Release|Any CPU.Build.0 = Release|Any CPU
		{5CF0F725-26B6-42D6-9277-C5F18B81996B}.Debug|Any CPU.ActiveCfg = Debug|Any CPU
		{5CF0F725-26B6-42D6-9277-C5F18B81996B}.Debug|Any CPU.Build.0 = Debug|Any CPU
		{5CF0F725-26B6-42D6-9277-C5F18B81996B}.Release|Any CPU.ActiveCfg = Release|Any CPU
		{5CF0F725-26B6-42D6-9277-C5F18B81996B}.Release|Any CPU.Build.0 = Release|Any CPU
		{7ED26315-DED8-4F21-AE9F-79C18318220C}.Debug|Any CPU.ActiveCfg = Debug|Any CPU
		{7ED26315-DED8-4F21-AE9F-79C18318220C}.Debug|Any CPU.Build.0 = Debug|Any CPU
		{7ED26315-DED8-4F21-AE9F-79C18318220C}.Release|Any CPU.ActiveCfg = Release|Any CPU
		{7ED26315-DED8-4F21-AE9F-79C18318220C}.Release|Any CPU.Build.0 = Release|Any CPU
		{C29C2ACF-25A1-498E-BC15-D54286644FA6}.Debug|Any CPU.ActiveCfg = Debug|Any CPU
		{C29C2ACF-25A1-498E-BC15-D54286644FA6}.Debug|Any CPU.Build.0 = Debug|Any CPU
		{C29C2ACF-25A1-498E-BC15-D54286644FA6}.Release|Any CPU.ActiveCfg = Release|Any CPU
		{C29C2ACF-25A1-498E-BC15-D54286644FA6}.Release|Any CPU.Build.0 = Release|Any CPU
		{4581B577-01E7-4D6D-8368-F47CC7D59A53}.Debug|Any CPU.ActiveCfg = Debug|Any CPU
		{4581B577-01E7-4D6D-8368-F47CC7D59A53}.Debug|Any CPU.Build.0 = Debug|Any CPU
		{4581B577-01E7-4D6D-8368-F47CC7D59A53}.Release|Any CPU.ActiveCfg = Release|Any CPU
		{4581B577-01E7-4D6D-8368-F47CC7D59A53}.Release|Any CPU.Build.0 = Release|Any CPU
		{F6C4AB5B-C0FB-489F-97CC-63A5D889849B}.Debug|Any CPU.ActiveCfg = Debug|Any CPU
		{F6C4AB5B-C0FB-489F-97CC-63A5D889849B}.Debug|Any CPU.Build.0 = Debug|Any CPU
		{F6C4AB5B-C0FB-489F-97CC-63A5D889849B}.Release|Any CPU.ActiveCfg = Release|Any CPU
		{F6C4AB5B-C0FB-489F-97CC-63A5D889849B}.Release|Any CPU.Build.0 = Release|Any CPU
		{DFF5E23C-3A29-4F9F-9453-C14203F246CC}.Debug|Any CPU.ActiveCfg = Debug|Any CPU
		{DFF5E23C-3A29-4F9F-9453-C14203F246CC}.Debug|Any CPU.Build.0 = Debug|Any CPU
		{DFF5E23C-3A29-4F9F-9453-C14203F246CC}.Release|Any CPU.ActiveCfg = Release|Any CPU
		{DFF5E23C-3A29-4F9F-9453-C14203F246CC}.Release|Any CPU.Build.0 = Release|Any CPU
		{9988A1CE-D8D1-4C07-85F6-03B4986EF625}.Debug|Any CPU.ActiveCfg = Debug|Any CPU
		{9988A1CE-D8D1-4C07-85F6-03B4986EF625}.Debug|Any CPU.Build.0 = Debug|Any CPU
		{9988A1CE-D8D1-4C07-85F6-03B4986EF625}.Release|Any CPU.ActiveCfg = Release|Any CPU
		{9988A1CE-D8D1-4C07-85F6-03B4986EF625}.Release|Any CPU.Build.0 = Release|Any CPU
		{2A159B5D-B91A-41C4-AF4E-81E17FF56B9E}.Debug|Any CPU.ActiveCfg = Debug|Any CPU
		{2A159B5D-B91A-41C4-AF4E-81E17FF56B9E}.Debug|Any CPU.Build.0 = Debug|Any CPU
		{2A159B5D-B91A-41C4-AF4E-81E17FF56B9E}.Release|Any CPU.ActiveCfg = Release|Any CPU
		{2A159B5D-B91A-41C4-AF4E-81E17FF56B9E}.Release|Any CPU.Build.0 = Release|Any CPU
		{352F3606-CCDD-4885-B485-314B297B459A}.Debug|Any CPU.ActiveCfg = Debug|Any CPU
		{352F3606-CCDD-4885-B485-314B297B459A}.Debug|Any CPU.Build.0 = Debug|Any CPU
		{352F3606-CCDD-4885-B485-314B297B459A}.Release|Any CPU.ActiveCfg = Release|Any CPU
		{352F3606-CCDD-4885-B485-314B297B459A}.Release|Any CPU.Build.0 = Release|Any CPU
		{70A91D98-CCA3-46C5-BFC7-9FAC155C4D03}.Debug|Any CPU.ActiveCfg = Debug|Any CPU
		{70A91D98-CCA3-46C5-BFC7-9FAC155C4D03}.Debug|Any CPU.Build.0 = Debug|Any CPU
		{70A91D98-CCA3-46C5-BFC7-9FAC155C4D03}.Release|Any CPU.ActiveCfg = Release|Any CPU
		{70A91D98-CCA3-46C5-BFC7-9FAC155C4D03}.Release|Any CPU.Build.0 = Release|Any CPU
		{5607469E-A607-4890-87D7-6B200BCBB272}.Debug|Any CPU.ActiveCfg = Debug|Any CPU
		{5607469E-A607-4890-87D7-6B200BCBB272}.Debug|Any CPU.Build.0 = Debug|Any CPU
		{5607469E-A607-4890-87D7-6B200BCBB272}.Release|Any CPU.ActiveCfg = Release|Any CPU
		{5607469E-A607-4890-87D7-6B200BCBB272}.Release|Any CPU.Build.0 = Release|Any CPU
		{C5B6382B-F315-4578-B898-9D64D837E449}.Debug|Any CPU.ActiveCfg = Debug|Any CPU
		{C5B6382B-F315-4578-B898-9D64D837E449}.Debug|Any CPU.Build.0 = Debug|Any CPU
		{C5B6382B-F315-4578-B898-9D64D837E449}.Release|Any CPU.ActiveCfg = Release|Any CPU
		{C5B6382B-F315-4578-B898-9D64D837E449}.Release|Any CPU.Build.0 = Release|Any CPU
		{9AAD9AE4-BC33-462B-AC57-B9FE293F5F40}.Debug|Any CPU.ActiveCfg = Debug|Any CPU
		{9AAD9AE4-BC33-462B-AC57-B9FE293F5F40}.Debug|Any CPU.Build.0 = Debug|Any CPU
		{9AAD9AE4-BC33-462B-AC57-B9FE293F5F40}.Release|Any CPU.ActiveCfg = Release|Any CPU
		{9AAD9AE4-BC33-462B-AC57-B9FE293F5F40}.Release|Any CPU.Build.0 = Release|Any CPU
		{4DFBE99B-4B94-47A6-91D5-A1C0C8CAA5B9}.Debug|Any CPU.ActiveCfg = Debug|Any CPU
		{4DFBE99B-4B94-47A6-91D5-A1C0C8CAA5B9}.Debug|Any CPU.Build.0 = Debug|Any CPU
		{4DFBE99B-4B94-47A6-91D5-A1C0C8CAA5B9}.Release|Any CPU.ActiveCfg = Release|Any CPU
		{4DFBE99B-4B94-47A6-91D5-A1C0C8CAA5B9}.Release|Any CPU.Build.0 = Release|Any CPU
		{339C6A09-BA0E-48F7-BFBC-FEACDF7AF19F}.Debug|Any CPU.ActiveCfg = Debug|Any CPU
		{339C6A09-BA0E-48F7-BFBC-FEACDF7AF19F}.Debug|Any CPU.Build.0 = Debug|Any CPU
		{339C6A09-BA0E-48F7-BFBC-FEACDF7AF19F}.Release|Any CPU.ActiveCfg = Release|Any CPU
		{339C6A09-BA0E-48F7-BFBC-FEACDF7AF19F}.Release|Any CPU.Build.0 = Release|Any CPU
		{E0D3B02E-21AB-4F11-B642-594653FA4D02}.Debug|Any CPU.ActiveCfg = Debug|Any CPU
		{E0D3B02E-21AB-4F11-B642-594653FA4D02}.Debug|Any CPU.Build.0 = Debug|Any CPU
		{E0D3B02E-21AB-4F11-B642-594653FA4D02}.Release|Any CPU.ActiveCfg = Release|Any CPU
		{E0D3B02E-21AB-4F11-B642-594653FA4D02}.Release|Any CPU.Build.0 = Release|Any CPU
		{451841A1-14A6-43D3-981D-D3F37CBF84DC}.Debug|Any CPU.ActiveCfg = Debug|Any CPU
		{451841A1-14A6-43D3-981D-D3F37CBF84DC}.Debug|Any CPU.Build.0 = Debug|Any CPU
		{451841A1-14A6-43D3-981D-D3F37CBF84DC}.Release|Any CPU.ActiveCfg = Release|Any CPU
		{451841A1-14A6-43D3-981D-D3F37CBF84DC}.Release|Any CPU.Build.0 = Release|Any CPU
		{1B6962E1-ACF6-4C32-B08F-5078125B0707}.Debug|Any CPU.ActiveCfg = Debug|Any CPU
		{1B6962E1-ACF6-4C32-B08F-5078125B0707}.Debug|Any CPU.Build.0 = Debug|Any CPU
		{1B6962E1-ACF6-4C32-B08F-5078125B0707}.Release|Any CPU.ActiveCfg = Release|Any CPU
		{1B6962E1-ACF6-4C32-B08F-5078125B0707}.Release|Any CPU.Build.0 = Release|Any CPU
		{B612EC95-5361-4957-9C2B-2C436E047125}.Debug|Any CPU.ActiveCfg = Debug|Any CPU
		{B612EC95-5361-4957-9C2B-2C436E047125}.Debug|Any CPU.Build.0 = Debug|Any CPU
		{B612EC95-5361-4957-9C2B-2C436E047125}.Release|Any CPU.ActiveCfg = Release|Any CPU
		{B612EC95-5361-4957-9C2B-2C436E047125}.Release|Any CPU.Build.0 = Release|Any CPU
		{E05EFDF1-0A50-486D-87B7-7DD335096243}.Debug|Any CPU.ActiveCfg = Debug|Any CPU
		{E05EFDF1-0A50-486D-87B7-7DD335096243}.Debug|Any CPU.Build.0 = Debug|Any CPU
		{E05EFDF1-0A50-486D-87B7-7DD335096243}.Release|Any CPU.ActiveCfg = Release|Any CPU
		{E05EFDF1-0A50-486D-87B7-7DD335096243}.Release|Any CPU.Build.0 = Release|Any CPU
	EndGlobalSection
	GlobalSection(SolutionProperties) = preSolution
		HideSolutionNode = FALSE
	EndGlobalSection
	GlobalSection(NestedProjects) = preSolution
		{74F7C659-952F-400C-839F-90BED9BB66C3} = {EF9E346D-70C6-45F5-8FF9-9B734F4A1298}
		{312B07BC-A830-4289-91B4-C53A2EC37D58} = {74F7C659-952F-400C-839F-90BED9BB66C3}
		{74BE0601-FF65-4B46-8A8B-E670056061C4} = {74F7C659-952F-400C-839F-90BED9BB66C3}
		{A5CDCD16-0828-4787-9D6C-680E0527339D} = {6CC7C2CF-34B9-4ADE-983A-84861173FBF9}
		{5FD8575D-C2E6-4FD1-9503-990028A843A2} = {A5CDCD16-0828-4787-9D6C-680E0527339D}
		{5FDBB447-0C72-4EA2-B670-007720A1AF68} = {A5CDCD16-0828-4787-9D6C-680E0527339D}
		{D1C35516-B6D0-4B7C-B4ED-99812403BAE7} = {A5CDCD16-0828-4787-9D6C-680E0527339D}
		{E2A93F7B-0C6A-4CAC-AC12-ACAE910BDD87} = {A5CDCD16-0828-4787-9D6C-680E0527339D}
		{287F5C97-B487-4B57-B0F7-0C3F6523A93E} = {A5CDCD16-0828-4787-9D6C-680E0527339D}
		{6BB034E5-97DD-4C3C-BDC1-49F8D4BA73B8} = {A5CDCD16-0828-4787-9D6C-680E0527339D}
		{49DD2295-9EBD-4B8D-95F9-951D341B39C2} = {6CC7C2CF-34B9-4ADE-983A-84861173FBF9}
		{35E925D1-EBDB-465C-B6AE-F155198A94EC} = {49DD2295-9EBD-4B8D-95F9-951D341B39C2}
		{41EE67EB-994B-42F8-A30A-9F3E3C1EB4C4} = {49DD2295-9EBD-4B8D-95F9-951D341B39C2}
		{7FC516E3-923F-438A-AB33-C1E05CFD8746} = {6CC7C2CF-34B9-4ADE-983A-84861173FBF9}
		{3D68AA7A-3E38-4E17-BD1C-0295E01E4C24} = {7FC516E3-923F-438A-AB33-C1E05CFD8746}
		{4601CF1F-4E54-4945-A5B0-40DF98B3CBFA} = {7FC516E3-923F-438A-AB33-C1E05CFD8746}
		{6E1119FD-3075-4037-960F-A4EFDC821E8A} = {6CC7C2CF-34B9-4ADE-983A-84861173FBF9}
		{2EB117DE-15CA-43D9-A061-024422EEBDD8} = {6E1119FD-3075-4037-960F-A4EFDC821E8A}
		{A278308A-8032-4D24-B990-3E5F0205304B} = {6E1119FD-3075-4037-960F-A4EFDC821E8A}
		{5F953094-B133-4F47-97C8-360D21031F03} = {6E1119FD-3075-4037-960F-A4EFDC821E8A}
		{52F5EBB0-A94D-4414-B25D-886E5B8A6B88} = {6E1119FD-3075-4037-960F-A4EFDC821E8A}
		{89332285-AD9A-4ECA-AB55-62AA4DDC9B5D} = {6E1119FD-3075-4037-960F-A4EFDC821E8A}
		{6CF15589-E022-4783-BAB1-8156DC2940B1} = {6E1119FD-3075-4037-960F-A4EFDC821E8A}
		{04278442-2FB2-4BAF-8BC2-98ED39EADD69} = {6E1119FD-3075-4037-960F-A4EFDC821E8A}
		{35138810-E3E2-4B37-8198-4CFDD488C43D} = {6E1119FD-3075-4037-960F-A4EFDC821E8A}
		{D7E7C0E0-1744-4E98-841C-288102911B4A} = {6E1119FD-3075-4037-960F-A4EFDC821E8A}
		{B4D7B7B5-FA7D-4437-92BD-4DD3BF4FC141} = {6E1119FD-3075-4037-960F-A4EFDC821E8A}
		{400B3133-3870-40A6-B0EF-3C38524D6AEA} = {6E1119FD-3075-4037-960F-A4EFDC821E8A}
		{5CF0F725-26B6-42D6-9277-C5F18B81996B} = {6E1119FD-3075-4037-960F-A4EFDC821E8A}
		{7ED26315-DED8-4F21-AE9F-79C18318220C} = {6E1119FD-3075-4037-960F-A4EFDC821E8A}
		{C29C2ACF-25A1-498E-BC15-D54286644FA6} = {6E1119FD-3075-4037-960F-A4EFDC821E8A}
		{4581B577-01E7-4D6D-8368-F47CC7D59A53} = {49DD2295-9EBD-4B8D-95F9-951D341B39C2}
		{F6C4AB5B-C0FB-489F-97CC-63A5D889849B} = {49DD2295-9EBD-4B8D-95F9-951D341B39C2}
		{DFF5E23C-3A29-4F9F-9453-C14203F246CC} = {49DD2295-9EBD-4B8D-95F9-951D341B39C2}
		{9988A1CE-D8D1-4C07-85F6-03B4986EF625} = {49DD2295-9EBD-4B8D-95F9-951D341B39C2}
		{2A159B5D-B91A-41C4-AF4E-81E17FF56B9E} = {49DD2295-9EBD-4B8D-95F9-951D341B39C2}
		{3913F1CE-5133-4A26-8FEA-B557E426E0E6} = {6CC7C2CF-34B9-4ADE-983A-84861173FBF9}
		{352F3606-CCDD-4885-B485-314B297B459A} = {3913F1CE-5133-4A26-8FEA-B557E426E0E6}
		{70A91D98-CCA3-46C5-BFC7-9FAC155C4D03} = {6E1119FD-3075-4037-960F-A4EFDC821E8A}
		{5607469E-A607-4890-87D7-6B200BCBB272} = {7FC516E3-923F-438A-AB33-C1E05CFD8746}
		{C5B6382B-F315-4578-B898-9D64D837E449} = {6E1119FD-3075-4037-960F-A4EFDC821E8A}
		{9AAD9AE4-BC33-462B-AC57-B9FE293F5F40} = {6E1119FD-3075-4037-960F-A4EFDC821E8A}
		{4DFBE99B-4B94-47A6-91D5-A1C0C8CAA5B9} = {6E1119FD-3075-4037-960F-A4EFDC821E8A}
		{339C6A09-BA0E-48F7-BFBC-FEACDF7AF19F} = {6E1119FD-3075-4037-960F-A4EFDC821E8A}
		{E0D3B02E-21AB-4F11-B642-594653FA4D02} = {6E1119FD-3075-4037-960F-A4EFDC821E8A}
		{451841A1-14A6-43D3-981D-D3F37CBF84DC} = {6E1119FD-3075-4037-960F-A4EFDC821E8A}
		{1B6962E1-ACF6-4C32-B08F-5078125B0707} = {6E1119FD-3075-4037-960F-A4EFDC821E8A}
		{B612EC95-5361-4957-9C2B-2C436E047125} = {6E1119FD-3075-4037-960F-A4EFDC821E8A}
		{E05EFDF1-0A50-486D-87B7-7DD335096243} = {7FC516E3-923F-438A-AB33-C1E05CFD8746}
	EndGlobalSection
EndGlobal
