
Microsoft Visual Studio Solution File, Format Version 12.00
# Visual Studio 15
VisualStudioVersion = 15.0.26114.2
MinimumVisualStudioVersion = 10.0.40219.1
Project("{2150E333-8FDC-42A3-9474-1A3956D46DE8}") = "src", "src", "{E24C6895-D8C3-4DAA-B55E-8B20AAA65172}"
EndProject
Project("{2150E333-8FDC-42A3-9474-1A3956D46DE8}") = "client", "client", "{0399AA1F-4DC7-4F42-A673-8F0F244B2BD1}"
EndProject
Project("{FAE04EC0-301F-11D3-BF4B-00C04F79EFBC}") = "Microsoft.Rest.ClientRuntime", "src\client\Microsoft.Rest.ClientRuntime\Microsoft.Rest.ClientRuntime.csproj", "{9944E9BF-429E-4200-A5B0-10311DBF99C8}"
EndProject
Project("{FAE04EC0-301F-11D3-BF4B-00C04F79EFBC}") = "Microsoft.Rest.ClientRuntime.Azure", "src\client\Microsoft.Rest.ClientRuntime.Azure\Microsoft.Rest.ClientRuntime.Azure.csproj", "{5609EDDF-742D-4754-8459-9403C3065B68}"
EndProject
Project("{FAE04EC0-301F-11D3-BF4B-00C04F79EFBC}") = "Microsoft.Rest.ClientRuntime.Azure.Authentication", "src\client\Microsoft.Rest.ClientRuntime.Azure.Authentication\Microsoft.Rest.ClientRuntime.Azure.Authentication.csproj", "{D7325FA6-019E-45AF-8BA7-28B36104E3A4}"
EndProject
Project("{FAE04EC0-301F-11D3-BF4B-00C04F79EFBC}") = "Microsoft.Rest.ClientRuntime.Azure.Tests", "src\client\Microsoft.Rest.ClientRuntime.Azure.Tests\Microsoft.Rest.ClientRuntime.Azure.Tests.csproj", "{5312B5E7-7F86-4860-B850-287947B22DF3}"
EndProject
Project("{FAE04EC0-301F-11D3-BF4B-00C04F79EFBC}") = "Microsoft.Rest.ClientRuntime.Etw", "src\client\Microsoft.Rest.ClientRuntime.Etw\Microsoft.Rest.ClientRuntime.Etw.csproj", "{DEF1D0F4-D150-47F8-ACD4-1F281273EA23}"
EndProject
Project("{FAE04EC0-301F-11D3-BF4B-00C04F79EFBC}") = "Microsoft.Rest.ClientRuntime.Log4Net", "src\client\Microsoft.Rest.ClientRuntime.Log4Net\Microsoft.Rest.ClientRuntime.Log4Net.csproj", "{B1B2805A-74D4-4F26-90C7-B0140694F666}"
EndProject
Project("{FAE04EC0-301F-11D3-BF4B-00C04F79EFBC}") = "Microsoft.Rest.ClientRuntime.Tests", "src\client\Microsoft.Rest.ClientRuntime.Tests\Microsoft.Rest.ClientRuntime.Tests.csproj", "{5D6F794D-9E57-465D-A77A-BB592E3CA542}"
EndProject
Project("{FAE04EC0-301F-11D3-BF4B-00C04F79EFBC}") = "Microsoft.Rest.ClientRuntime.Tracing.Tests", "src\client\Microsoft.Rest.ClientRuntime.Tracing.Tests\Microsoft.Rest.ClientRuntime.Tracing.Tests.csproj", "{BBF09396-4D3C-4418-BF1C-361EB11F6DCB}"
EndProject
Project("{2150E333-8FDC-42A3-9474-1A3956D46DE8}") = "core", "core", "{0A95667E-A69D-4D70-8424-98FD35420EFE}"
EndProject
Project("{FAE04EC0-301F-11D3-BF4B-00C04F79EFBC}") = "AutoRest", "src\core\AutoRest\AutoRest.csproj", "{BF8198B1-82A1-401E-BED0-29AD7580D4DC}"
EndProject
Project("{FAE04EC0-301F-11D3-BF4B-00C04F79EFBC}") = "AutoRest.Core", "src\core\AutoRest.Core\AutoRest.Core.csproj", "{15ABFCB7-A49E-49BD-AF46-4CC8DDD9B5F3}"
EndProject
Project("{2150E333-8FDC-42A3-9474-1A3956D46DE8}") = "modeler", "modeler", "{F9452E02-F253-4D2C-B445-F287F98A2AC9}"
EndProject
Project("{FAE04EC0-301F-11D3-BF4B-00C04F79EFBC}") = "AutoRest.Swagger", "src\modeler\AutoRest.Swagger\AutoRest.Swagger.csproj", "{2842F96A-B5CD-4ABF-8395-8CE59EB8EED7}"
EndProject
Project("{FAE04EC0-301F-11D3-BF4B-00C04F79EFBC}") = "AutoRest.CompositeSwagger", "src\modeler\AutoRest.CompositeSwagger\AutoRest.CompositeSwagger.csproj", "{2FA4442D-0F9E-4EBC-89A9-EC86F2ABC708}"
EndProject
Project("{2150E333-8FDC-42A3-9474-1A3956D46DE8}") = "generator", "generator", "{AD931E4E-9F20-47A5-8997-298AFC71C6DC}"
EndProject
Project("{FAE04EC0-301F-11D3-BF4B-00C04F79EFBC}") = "AutoRest.CSharp", "src\generator\AutoRest.CSharp\AutoRest.CSharp.csproj", "{CAA84FE5-62EA-4048-B573-0C0ED8A19AB8}"
EndProject
Project("{FAE04EC0-301F-11D3-BF4B-00C04F79EFBC}") = "AutoRest.CSharp.Azure", "src\generator\AutoRest.CSharp.Azure\AutoRest.CSharp.Azure.csproj", "{3D7DC113-8923-4051-8F17-086BE28BE5AE}"
EndProject
Project("{FAE04EC0-301F-11D3-BF4B-00C04F79EFBC}") = "AutoRest.Java.Azure", "src\generator\AutoRest.Java.Azure\AutoRest.Java.Azure.csproj", "{3173FE0F-1606-4018-AF1E-7BFA6BB41718}"
EndProject
Project("{FAE04EC0-301F-11D3-BF4B-00C04F79EFBC}") = "AutoRest.NodeJS.Azure", "src\generator\AutoRest.NodeJS.Azure\AutoRest.NodeJS.Azure.csproj", "{0C515D14-F683-4A7F-8A27-BC12F3001593}"
EndProject
Project("{FAE04EC0-301F-11D3-BF4B-00C04F79EFBC}") = "AutoRest.Python.Azure", "src\generator\AutoRest.Python.Azure\AutoRest.Python.Azure.csproj", "{DCC918AD-3DA4-45D3-A01D-D2599F9DA662}"
EndProject
Project("{FAE04EC0-301F-11D3-BF4B-00C04F79EFBC}") = "AutoRest.Ruby.Azure", "src\generator\AutoRest.Ruby.Azure\AutoRest.Ruby.Azure.csproj", "{A7DBCB8C-F6F4-4084-B47B-6DDDF57A84D8}"
EndProject
Project("{FAE04EC0-301F-11D3-BF4B-00C04F79EFBC}") = "AutoRest.AzureResourceSchema", "src\generator\AutoRest.AzureResourceSchema\AutoRest.AzureResourceSchema.csproj", "{0D596CC3-5823-4E10-8FA0-C4B4C4A8E77D}"
EndProject
Project("{FAE04EC0-301F-11D3-BF4B-00C04F79EFBC}") = "AutoRest.Java.Azure.Fluent", "src\generator\AutoRest.Java.Azure.Fluent\AutoRest.Java.Azure.Fluent.csproj", "{6661C22E-B85E-4BF9-819F-83C5C8E6D175}"
EndProject
Project("{FAE04EC0-301F-11D3-BF4B-00C04F79EFBC}") = "AutoRest.Java", "src\generator\AutoRest.Java\AutoRest.Java.csproj", "{4139E671-01E1-4A6E-939A-AC4913CEFDA2}"
EndProject
Project("{FAE04EC0-301F-11D3-BF4B-00C04F79EFBC}") = "AutoRest.NodeJS", "src\generator\AutoRest.NodeJS\AutoRest.NodeJS.csproj", "{EDD95C17-CD1F-43E2-B0B0-392EA3CA2E47}"
EndProject
Project("{FAE04EC0-301F-11D3-BF4B-00C04F79EFBC}") = "AutoRest.Python", "src\generator\AutoRest.Python\AutoRest.Python.csproj", "{41837B32-9F5E-4A8A-A14F-CA78ED99F348}"
EndProject
Project("{FAE04EC0-301F-11D3-BF4B-00C04F79EFBC}") = "AutoRest.Ruby", "src\generator\AutoRest.Ruby\AutoRest.Ruby.csproj", "{2561CA1B-AF3A-4220-9FC6-07913F1E7A79}"
EndProject
Project("{FAE04EC0-301F-11D3-BF4B-00C04F79EFBC}") = "AutoRest.Go", "src\generator\AutoRest.Go\AutoRest.Go.csproj", "{1EC550F1-CCCF-4B3A-A84F-6907044DF710}"
EndProject
Project("{FAE04EC0-301F-11D3-BF4B-00C04F79EFBC}") = "AutoRest.CSharp.Azure.Fluent", "src\generator\AutoRest.CSharp.Azure.Fluent\AutoRest.CSharp.Azure.Fluent.csproj", "{A8C532C7-8C98-425E-9184-3240F2944A7A}"
EndProject
Project("{FAE04EC0-301F-11D3-BF4B-00C04F79EFBC}") = "AutoRest.Extensions", "src\core\AutoRest.Extensions\AutoRest.Extensions.csproj", "{B1864821-74B0-4B2A-A2AE-8F086AEFBB05}"
EndProject
Project("{FAE04EC0-301F-11D3-BF4B-00C04F79EFBC}") = "AutoRest.Extensions.Azure", "src\core\AutoRest.Extensions.Azure\AutoRest.Extensions.Azure.csproj", "{6E95F230-0AB8-4B4C-A690-FBD8D036787C}"
EndProject
Project("{FAE04EC0-301F-11D3-BF4B-00C04F79EFBC}") = "AutoRest.Core.Tests", "src\core\AutoRest.Core.Tests\AutoRest.Core.Tests.csproj", "{BB9E0607-E224-413A-AF71-4E86A24DB4D2}"
EndProject
Project("{FAE04EC0-301F-11D3-BF4B-00C04F79EFBC}") = "AutoRest.Extensions.Azure.Tests", "src\core\AutoRest.Extensions.Azure.Tests\AutoRest.Extensions.Azure.Tests.csproj", "{4A517E1A-EDC0-4E2F-B223-911A58DD3B4C}"
EndProject
Project("{FAE04EC0-301F-11D3-BF4B-00C04F79EFBC}") = "AutoRest.Extensions.Tests", "src\core\AutoRest.Extensions.Tests\AutoRest.Extensions.Tests.csproj", "{723D4EF2-90F8-4129-81C1-2B755C9978D3}"
EndProject
Project("{2150E333-8FDC-42A3-9474-1A3956D46DE8}") = "dev", "dev", "{3EAC69CC-A6C8-4017-8572-B73D8B1C08E5}"
EndProject
Project("{FAE04EC0-301F-11D3-BF4B-00C04F79EFBC}") = "AutoRest.Tooling.CSharp.Compiler", "src\dev\AutoRest.Tooling.CSharp.Compiler\AutoRest.Tooling.CSharp.Compiler.csproj", "{83570A5D-B02B-4934-B3D9-84F3960F4AF6}"
EndProject
Project("{FAE04EC0-301F-11D3-BF4B-00C04F79EFBC}") = "AutoRest.AzureResourceSchema.Tests", "src\generator\AutoRest.AzureResourceSchema.Tests\AutoRest.AzureResourceSchema.Tests.csproj", "{8BCFC0D7-218D-4656-9E00-F4A6526DF969}"
EndProject
Project("{FAE04EC0-301F-11D3-BF4B-00C04F79EFBC}") = "AutoRest.Swagger.Tests", "src\modeler\AutoRest.Swagger.Tests\AutoRest.Swagger.Tests.csproj", "{8C753683-F52C-4866-B521-DB2347464BEC}"
EndProject
Project("{FAE04EC0-301F-11D3-BF4B-00C04F79EFBC}") = "AutoRest.CSharp.Azure.Fluent.Tests", "src\generator\AutoRest.CSharp.Azure.Fluent.Tests\AutoRest.CSharp.Azure.Fluent.Tests.csproj", "{183198A7-CA93-4E50-BFC1-3AED07FA7D3E}"
EndProject
Project("{FAE04EC0-301F-11D3-BF4B-00C04F79EFBC}") = "AutoRest.CSharp.Tests", "src\generator\AutoRest.CSharp.Tests\AutoRest.CSharp.Tests.csproj", "{653C96E9-942D-4F48-AD78-A271ABE7568E}"
EndProject
Project("{FAE04EC0-301F-11D3-BF4B-00C04F79EFBC}") = "AutoRest.CSharp.Azure.Tests", "src\generator\AutoRest.CSharp.Azure.Tests\AutoRest.CSharp.Azure.Tests.csproj", "{17E61F71-B1DB-44A4-B56D-3A48D57EC2BF}"
EndProject
Project("{FAE04EC0-301F-11D3-BF4B-00C04F79EFBC}") = "AutoRest.CSharp.Unit.Tests", "src\generator\AutoRest.CSharp.Unit.Tests\AutoRest.CSharp.Unit.Tests.csproj", "{356171E4-9B6F-4234-BF77-2578C5C58CCB}"
EndProject
Project("{FAE04EC0-301F-11D3-BF4B-00C04F79EFBC}") = "AutoRest.NodeJS.Azure.Tests", "src\generator\AutoRest.NodeJS.Azure.Tests\AutoRest.NodeJS.Azure.Tests.csproj", "{9F2256A4-7407-43B5-B287-B0631C72F43C}"
EndProject
Project("{FAE04EC0-301F-11D3-BF4B-00C04F79EFBC}") = "AutoRest.NodeJS.Tests", "src\generator\AutoRest.NodeJS.Tests\AutoRest.NodeJS.Tests.csproj", "{33B08EC5-274A-4ED2-96D0-FCD0032FB612}"
EndProject
Project("{FAE04EC0-301F-11D3-BF4B-00C04F79EFBC}") = "AutoRest.Python.Azure.Tests", "src\generator\AutoRest.Python.Azure.Tests\AutoRest.Python.Azure.Tests.csproj", "{112809AC-AEF6-468F-910B-A536406B3653}"
EndProject
Project("{FAE04EC0-301F-11D3-BF4B-00C04F79EFBC}") = "AutoRest.Python.Tests", "src\generator\AutoRest.Python.Tests\AutoRest.Python.Tests.csproj", "{3FEB1278-42CA-4091-8F9C-3F790E2CCC2A}"
EndProject
Project("{FAE04EC0-301F-11D3-BF4B-00C04F79EFBC}") = "AutoRest.CompositeSwagger.Tests", "src\modeler\AutoRest.CompositeSwagger.Tests\AutoRest.CompositeSwagger.Tests.csproj", "{ED1C8F7C-52AA-47CB-9672-6CEA70F45AA1}"
EndProject
Global
	GlobalSection(SolutionConfigurationPlatforms) = preSolution
		Debug|Any CPU = Debug|Any CPU
		Release|Any CPU = Release|Any CPU
	EndGlobalSection
	GlobalSection(ProjectConfigurationPlatforms) = postSolution
		{9944E9BF-429E-4200-A5B0-10311DBF99C8}.Debug|Any CPU.ActiveCfg = Debug|Any CPU
		{9944E9BF-429E-4200-A5B0-10311DBF99C8}.Debug|Any CPU.Build.0 = Debug|Any CPU
		{9944E9BF-429E-4200-A5B0-10311DBF99C8}.Release|Any CPU.ActiveCfg = Release|Any CPU
		{9944E9BF-429E-4200-A5B0-10311DBF99C8}.Release|Any CPU.Build.0 = Release|Any CPU
		{5609EDDF-742D-4754-8459-9403C3065B68}.Debug|Any CPU.ActiveCfg = Debug|Any CPU
		{5609EDDF-742D-4754-8459-9403C3065B68}.Debug|Any CPU.Build.0 = Debug|Any CPU
		{5609EDDF-742D-4754-8459-9403C3065B68}.Release|Any CPU.ActiveCfg = Release|Any CPU
		{5609EDDF-742D-4754-8459-9403C3065B68}.Release|Any CPU.Build.0 = Release|Any CPU
		{D7325FA6-019E-45AF-8BA7-28B36104E3A4}.Debug|Any CPU.ActiveCfg = Debug|Any CPU
		{D7325FA6-019E-45AF-8BA7-28B36104E3A4}.Debug|Any CPU.Build.0 = Debug|Any CPU
		{D7325FA6-019E-45AF-8BA7-28B36104E3A4}.Release|Any CPU.ActiveCfg = Release|Any CPU
		{D7325FA6-019E-45AF-8BA7-28B36104E3A4}.Release|Any CPU.Build.0 = Release|Any CPU
		{5312B5E7-7F86-4860-B850-287947B22DF3}.Debug|Any CPU.ActiveCfg = Debug|Any CPU
		{5312B5E7-7F86-4860-B850-287947B22DF3}.Debug|Any CPU.Build.0 = Debug|Any CPU
		{5312B5E7-7F86-4860-B850-287947B22DF3}.Release|Any CPU.ActiveCfg = Release|Any CPU
		{5312B5E7-7F86-4860-B850-287947B22DF3}.Release|Any CPU.Build.0 = Release|Any CPU
		{DEF1D0F4-D150-47F8-ACD4-1F281273EA23}.Debug|Any CPU.ActiveCfg = Debug|Any CPU
		{DEF1D0F4-D150-47F8-ACD4-1F281273EA23}.Debug|Any CPU.Build.0 = Debug|Any CPU
		{DEF1D0F4-D150-47F8-ACD4-1F281273EA23}.Release|Any CPU.ActiveCfg = Release|Any CPU
		{DEF1D0F4-D150-47F8-ACD4-1F281273EA23}.Release|Any CPU.Build.0 = Release|Any CPU
		{B1B2805A-74D4-4F26-90C7-B0140694F666}.Debug|Any CPU.ActiveCfg = Debug|Any CPU
		{B1B2805A-74D4-4F26-90C7-B0140694F666}.Debug|Any CPU.Build.0 = Debug|Any CPU
		{B1B2805A-74D4-4F26-90C7-B0140694F666}.Release|Any CPU.ActiveCfg = Release|Any CPU
		{B1B2805A-74D4-4F26-90C7-B0140694F666}.Release|Any CPU.Build.0 = Release|Any CPU
		{5D6F794D-9E57-465D-A77A-BB592E3CA542}.Debug|Any CPU.ActiveCfg = Debug|Any CPU
		{5D6F794D-9E57-465D-A77A-BB592E3CA542}.Debug|Any CPU.Build.0 = Debug|Any CPU
		{5D6F794D-9E57-465D-A77A-BB592E3CA542}.Release|Any CPU.ActiveCfg = Release|Any CPU
		{5D6F794D-9E57-465D-A77A-BB592E3CA542}.Release|Any CPU.Build.0 = Release|Any CPU
		{BBF09396-4D3C-4418-BF1C-361EB11F6DCB}.Debug|Any CPU.ActiveCfg = Debug|Any CPU
		{BBF09396-4D3C-4418-BF1C-361EB11F6DCB}.Debug|Any CPU.Build.0 = Debug|Any CPU
		{BBF09396-4D3C-4418-BF1C-361EB11F6DCB}.Release|Any CPU.ActiveCfg = Release|Any CPU
		{BBF09396-4D3C-4418-BF1C-361EB11F6DCB}.Release|Any CPU.Build.0 = Release|Any CPU
		{BF8198B1-82A1-401E-BED0-29AD7580D4DC}.Debug|Any CPU.ActiveCfg = Debug|Any CPU
		{BF8198B1-82A1-401E-BED0-29AD7580D4DC}.Debug|Any CPU.Build.0 = Debug|Any CPU
		{BF8198B1-82A1-401E-BED0-29AD7580D4DC}.Release|Any CPU.ActiveCfg = Release|Any CPU
		{BF8198B1-82A1-401E-BED0-29AD7580D4DC}.Release|Any CPU.Build.0 = Release|Any CPU
		{15ABFCB7-A49E-49BD-AF46-4CC8DDD9B5F3}.Debug|Any CPU.ActiveCfg = Debug|Any CPU
		{15ABFCB7-A49E-49BD-AF46-4CC8DDD9B5F3}.Debug|Any CPU.Build.0 = Debug|Any CPU
		{15ABFCB7-A49E-49BD-AF46-4CC8DDD9B5F3}.Release|Any CPU.ActiveCfg = Release|Any CPU
		{15ABFCB7-A49E-49BD-AF46-4CC8DDD9B5F3}.Release|Any CPU.Build.0 = Release|Any CPU
		{2842F96A-B5CD-4ABF-8395-8CE59EB8EED7}.Debug|Any CPU.ActiveCfg = Debug|Any CPU
		{2842F96A-B5CD-4ABF-8395-8CE59EB8EED7}.Debug|Any CPU.Build.0 = Debug|Any CPU
		{2842F96A-B5CD-4ABF-8395-8CE59EB8EED7}.Release|Any CPU.ActiveCfg = Release|Any CPU
		{2842F96A-B5CD-4ABF-8395-8CE59EB8EED7}.Release|Any CPU.Build.0 = Release|Any CPU
		{2FA4442D-0F9E-4EBC-89A9-EC86F2ABC708}.Debug|Any CPU.ActiveCfg = Debug|Any CPU
		{2FA4442D-0F9E-4EBC-89A9-EC86F2ABC708}.Debug|Any CPU.Build.0 = Debug|Any CPU
		{2FA4442D-0F9E-4EBC-89A9-EC86F2ABC708}.Release|Any CPU.ActiveCfg = Release|Any CPU
		{2FA4442D-0F9E-4EBC-89A9-EC86F2ABC708}.Release|Any CPU.Build.0 = Release|Any CPU
		{CAA84FE5-62EA-4048-B573-0C0ED8A19AB8}.Debug|Any CPU.ActiveCfg = Debug|Any CPU
		{CAA84FE5-62EA-4048-B573-0C0ED8A19AB8}.Debug|Any CPU.Build.0 = Debug|Any CPU
		{CAA84FE5-62EA-4048-B573-0C0ED8A19AB8}.Release|Any CPU.ActiveCfg = Release|Any CPU
		{CAA84FE5-62EA-4048-B573-0C0ED8A19AB8}.Release|Any CPU.Build.0 = Release|Any CPU
		{3D7DC113-8923-4051-8F17-086BE28BE5AE}.Debug|Any CPU.ActiveCfg = Debug|Any CPU
		{3D7DC113-8923-4051-8F17-086BE28BE5AE}.Debug|Any CPU.Build.0 = Debug|Any CPU
		{3D7DC113-8923-4051-8F17-086BE28BE5AE}.Release|Any CPU.ActiveCfg = Release|Any CPU
		{3D7DC113-8923-4051-8F17-086BE28BE5AE}.Release|Any CPU.Build.0 = Release|Any CPU
		{3173FE0F-1606-4018-AF1E-7BFA6BB41718}.Debug|Any CPU.ActiveCfg = Debug|Any CPU
		{3173FE0F-1606-4018-AF1E-7BFA6BB41718}.Debug|Any CPU.Build.0 = Debug|Any CPU
		{3173FE0F-1606-4018-AF1E-7BFA6BB41718}.Release|Any CPU.ActiveCfg = Release|Any CPU
		{3173FE0F-1606-4018-AF1E-7BFA6BB41718}.Release|Any CPU.Build.0 = Release|Any CPU
		{0C515D14-F683-4A7F-8A27-BC12F3001593}.Debug|Any CPU.ActiveCfg = Debug|Any CPU
		{0C515D14-F683-4A7F-8A27-BC12F3001593}.Debug|Any CPU.Build.0 = Debug|Any CPU
		{0C515D14-F683-4A7F-8A27-BC12F3001593}.Release|Any CPU.ActiveCfg = Release|Any CPU
		{0C515D14-F683-4A7F-8A27-BC12F3001593}.Release|Any CPU.Build.0 = Release|Any CPU
		{DCC918AD-3DA4-45D3-A01D-D2599F9DA662}.Debug|Any CPU.ActiveCfg = Debug|Any CPU
		{DCC918AD-3DA4-45D3-A01D-D2599F9DA662}.Debug|Any CPU.Build.0 = Debug|Any CPU
		{DCC918AD-3DA4-45D3-A01D-D2599F9DA662}.Release|Any CPU.ActiveCfg = Release|Any CPU
		{DCC918AD-3DA4-45D3-A01D-D2599F9DA662}.Release|Any CPU.Build.0 = Release|Any CPU
		{A7DBCB8C-F6F4-4084-B47B-6DDDF57A84D8}.Debug|Any CPU.ActiveCfg = Debug|Any CPU
		{A7DBCB8C-F6F4-4084-B47B-6DDDF57A84D8}.Debug|Any CPU.Build.0 = Debug|Any CPU
		{A7DBCB8C-F6F4-4084-B47B-6DDDF57A84D8}.Release|Any CPU.ActiveCfg = Release|Any CPU
		{A7DBCB8C-F6F4-4084-B47B-6DDDF57A84D8}.Release|Any CPU.Build.0 = Release|Any CPU
		{0D596CC3-5823-4E10-8FA0-C4B4C4A8E77D}.Debug|Any CPU.ActiveCfg = Debug|Any CPU
		{0D596CC3-5823-4E10-8FA0-C4B4C4A8E77D}.Debug|Any CPU.Build.0 = Debug|Any CPU
		{0D596CC3-5823-4E10-8FA0-C4B4C4A8E77D}.Release|Any CPU.ActiveCfg = Release|Any CPU
		{0D596CC3-5823-4E10-8FA0-C4B4C4A8E77D}.Release|Any CPU.Build.0 = Release|Any CPU
		{6661C22E-B85E-4BF9-819F-83C5C8E6D175}.Debug|Any CPU.ActiveCfg = Debug|Any CPU
		{6661C22E-B85E-4BF9-819F-83C5C8E6D175}.Debug|Any CPU.Build.0 = Debug|Any CPU
		{6661C22E-B85E-4BF9-819F-83C5C8E6D175}.Release|Any CPU.ActiveCfg = Release|Any CPU
		{6661C22E-B85E-4BF9-819F-83C5C8E6D175}.Release|Any CPU.Build.0 = Release|Any CPU
		{4139E671-01E1-4A6E-939A-AC4913CEFDA2}.Debug|Any CPU.ActiveCfg = Debug|Any CPU
		{4139E671-01E1-4A6E-939A-AC4913CEFDA2}.Debug|Any CPU.Build.0 = Debug|Any CPU
		{4139E671-01E1-4A6E-939A-AC4913CEFDA2}.Release|Any CPU.ActiveCfg = Release|Any CPU
		{4139E671-01E1-4A6E-939A-AC4913CEFDA2}.Release|Any CPU.Build.0 = Release|Any CPU
		{EDD95C17-CD1F-43E2-B0B0-392EA3CA2E47}.Debug|Any CPU.ActiveCfg = Debug|Any CPU
		{EDD95C17-CD1F-43E2-B0B0-392EA3CA2E47}.Debug|Any CPU.Build.0 = Debug|Any CPU
		{EDD95C17-CD1F-43E2-B0B0-392EA3CA2E47}.Release|Any CPU.ActiveCfg = Release|Any CPU
		{EDD95C17-CD1F-43E2-B0B0-392EA3CA2E47}.Release|Any CPU.Build.0 = Release|Any CPU
		{41837B32-9F5E-4A8A-A14F-CA78ED99F348}.Debug|Any CPU.ActiveCfg = Debug|Any CPU
		{41837B32-9F5E-4A8A-A14F-CA78ED99F348}.Debug|Any CPU.Build.0 = Debug|Any CPU
		{41837B32-9F5E-4A8A-A14F-CA78ED99F348}.Release|Any CPU.ActiveCfg = Release|Any CPU
		{41837B32-9F5E-4A8A-A14F-CA78ED99F348}.Release|Any CPU.Build.0 = Release|Any CPU
		{2561CA1B-AF3A-4220-9FC6-07913F1E7A79}.Debug|Any CPU.ActiveCfg = Debug|Any CPU
		{2561CA1B-AF3A-4220-9FC6-07913F1E7A79}.Debug|Any CPU.Build.0 = Debug|Any CPU
		{2561CA1B-AF3A-4220-9FC6-07913F1E7A79}.Release|Any CPU.ActiveCfg = Release|Any CPU
		{2561CA1B-AF3A-4220-9FC6-07913F1E7A79}.Release|Any CPU.Build.0 = Release|Any CPU
		{1EC550F1-CCCF-4B3A-A84F-6907044DF710}.Debug|Any CPU.ActiveCfg = Debug|Any CPU
		{1EC550F1-CCCF-4B3A-A84F-6907044DF710}.Debug|Any CPU.Build.0 = Debug|Any CPU
		{1EC550F1-CCCF-4B3A-A84F-6907044DF710}.Release|Any CPU.ActiveCfg = Release|Any CPU
		{1EC550F1-CCCF-4B3A-A84F-6907044DF710}.Release|Any CPU.Build.0 = Release|Any CPU
		{A8C532C7-8C98-425E-9184-3240F2944A7A}.Debug|Any CPU.ActiveCfg = Debug|Any CPU
		{A8C532C7-8C98-425E-9184-3240F2944A7A}.Debug|Any CPU.Build.0 = Debug|Any CPU
		{A8C532C7-8C98-425E-9184-3240F2944A7A}.Release|Any CPU.ActiveCfg = Release|Any CPU
		{A8C532C7-8C98-425E-9184-3240F2944A7A}.Release|Any CPU.Build.0 = Release|Any CPU
		{B1864821-74B0-4B2A-A2AE-8F086AEFBB05}.Debug|Any CPU.ActiveCfg = Debug|Any CPU
		{B1864821-74B0-4B2A-A2AE-8F086AEFBB05}.Debug|Any CPU.Build.0 = Debug|Any CPU
		{B1864821-74B0-4B2A-A2AE-8F086AEFBB05}.Release|Any CPU.ActiveCfg = Release|Any CPU
		{B1864821-74B0-4B2A-A2AE-8F086AEFBB05}.Release|Any CPU.Build.0 = Release|Any CPU
		{6E95F230-0AB8-4B4C-A690-FBD8D036787C}.Debug|Any CPU.ActiveCfg = Debug|Any CPU
		{6E95F230-0AB8-4B4C-A690-FBD8D036787C}.Debug|Any CPU.Build.0 = Debug|Any CPU
		{6E95F230-0AB8-4B4C-A690-FBD8D036787C}.Release|Any CPU.ActiveCfg = Release|Any CPU
		{6E95F230-0AB8-4B4C-A690-FBD8D036787C}.Release|Any CPU.Build.0 = Release|Any CPU
		{BB9E0607-E224-413A-AF71-4E86A24DB4D2}.Debug|Any CPU.ActiveCfg = Debug|Any CPU
		{BB9E0607-E224-413A-AF71-4E86A24DB4D2}.Debug|Any CPU.Build.0 = Debug|Any CPU
		{BB9E0607-E224-413A-AF71-4E86A24DB4D2}.Release|Any CPU.ActiveCfg = Release|Any CPU
		{BB9E0607-E224-413A-AF71-4E86A24DB4D2}.Release|Any CPU.Build.0 = Release|Any CPU
		{4A517E1A-EDC0-4E2F-B223-911A58DD3B4C}.Debug|Any CPU.ActiveCfg = Debug|Any CPU
		{4A517E1A-EDC0-4E2F-B223-911A58DD3B4C}.Debug|Any CPU.Build.0 = Debug|Any CPU
		{4A517E1A-EDC0-4E2F-B223-911A58DD3B4C}.Release|Any CPU.ActiveCfg = Release|Any CPU
		{4A517E1A-EDC0-4E2F-B223-911A58DD3B4C}.Release|Any CPU.Build.0 = Release|Any CPU
		{723D4EF2-90F8-4129-81C1-2B755C9978D3}.Debug|Any CPU.ActiveCfg = Debug|Any CPU
		{723D4EF2-90F8-4129-81C1-2B755C9978D3}.Debug|Any CPU.Build.0 = Debug|Any CPU
		{723D4EF2-90F8-4129-81C1-2B755C9978D3}.Release|Any CPU.ActiveCfg = Release|Any CPU
		{723D4EF2-90F8-4129-81C1-2B755C9978D3}.Release|Any CPU.Build.0 = Release|Any CPU
		{83570A5D-B02B-4934-B3D9-84F3960F4AF6}.Debug|Any CPU.ActiveCfg = Debug|Any CPU
		{83570A5D-B02B-4934-B3D9-84F3960F4AF6}.Debug|Any CPU.Build.0 = Debug|Any CPU
		{83570A5D-B02B-4934-B3D9-84F3960F4AF6}.Release|Any CPU.ActiveCfg = Release|Any CPU
		{83570A5D-B02B-4934-B3D9-84F3960F4AF6}.Release|Any CPU.Build.0 = Release|Any CPU
		{8BCFC0D7-218D-4656-9E00-F4A6526DF969}.Debug|Any CPU.ActiveCfg = Debug|Any CPU
		{8BCFC0D7-218D-4656-9E00-F4A6526DF969}.Debug|Any CPU.Build.0 = Debug|Any CPU
		{8BCFC0D7-218D-4656-9E00-F4A6526DF969}.Release|Any CPU.ActiveCfg = Release|Any CPU
		{8BCFC0D7-218D-4656-9E00-F4A6526DF969}.Release|Any CPU.Build.0 = Release|Any CPU
		{8C753683-F52C-4866-B521-DB2347464BEC}.Debug|Any CPU.ActiveCfg = Debug|Any CPU
		{8C753683-F52C-4866-B521-DB2347464BEC}.Debug|Any CPU.Build.0 = Debug|Any CPU
		{8C753683-F52C-4866-B521-DB2347464BEC}.Release|Any CPU.ActiveCfg = Release|Any CPU
		{8C753683-F52C-4866-B521-DB2347464BEC}.Release|Any CPU.Build.0 = Release|Any CPU
		{183198A7-CA93-4E50-BFC1-3AED07FA7D3E}.Debug|Any CPU.ActiveCfg = Debug|Any CPU
		{183198A7-CA93-4E50-BFC1-3AED07FA7D3E}.Debug|Any CPU.Build.0 = Debug|Any CPU
		{183198A7-CA93-4E50-BFC1-3AED07FA7D3E}.Release|Any CPU.ActiveCfg = Release|Any CPU
		{183198A7-CA93-4E50-BFC1-3AED07FA7D3E}.Release|Any CPU.Build.0 = Release|Any CPU
		{653C96E9-942D-4F48-AD78-A271ABE7568E}.Debug|Any CPU.ActiveCfg = Debug|Any CPU
		{653C96E9-942D-4F48-AD78-A271ABE7568E}.Debug|Any CPU.Build.0 = Debug|Any CPU
		{653C96E9-942D-4F48-AD78-A271ABE7568E}.Release|Any CPU.ActiveCfg = Release|Any CPU
		{653C96E9-942D-4F48-AD78-A271ABE7568E}.Release|Any CPU.Build.0 = Release|Any CPU
		{17E61F71-B1DB-44A4-B56D-3A48D57EC2BF}.Debug|Any CPU.ActiveCfg = Debug|Any CPU
		{17E61F71-B1DB-44A4-B56D-3A48D57EC2BF}.Debug|Any CPU.Build.0 = Debug|Any CPU
		{17E61F71-B1DB-44A4-B56D-3A48D57EC2BF}.Release|Any CPU.ActiveCfg = Release|Any CPU
		{17E61F71-B1DB-44A4-B56D-3A48D57EC2BF}.Release|Any CPU.Build.0 = Release|Any CPU
		{356171E4-9B6F-4234-BF77-2578C5C58CCB}.Debug|Any CPU.ActiveCfg = Debug|Any CPU
		{356171E4-9B6F-4234-BF77-2578C5C58CCB}.Debug|Any CPU.Build.0 = Debug|Any CPU
		{356171E4-9B6F-4234-BF77-2578C5C58CCB}.Release|Any CPU.ActiveCfg = Release|Any CPU
		{356171E4-9B6F-4234-BF77-2578C5C58CCB}.Release|Any CPU.Build.0 = Release|Any CPU
		{9F2256A4-7407-43B5-B287-B0631C72F43C}.Debug|Any CPU.ActiveCfg = Debug|Any CPU
		{9F2256A4-7407-43B5-B287-B0631C72F43C}.Debug|Any CPU.Build.0 = Debug|Any CPU
		{9F2256A4-7407-43B5-B287-B0631C72F43C}.Release|Any CPU.ActiveCfg = Release|Any CPU
		{9F2256A4-7407-43B5-B287-B0631C72F43C}.Release|Any CPU.Build.0 = Release|Any CPU
		{33B08EC5-274A-4ED2-96D0-FCD0032FB612}.Debug|Any CPU.ActiveCfg = Debug|Any CPU
		{33B08EC5-274A-4ED2-96D0-FCD0032FB612}.Debug|Any CPU.Build.0 = Debug|Any CPU
		{33B08EC5-274A-4ED2-96D0-FCD0032FB612}.Release|Any CPU.ActiveCfg = Release|Any CPU
		{33B08EC5-274A-4ED2-96D0-FCD0032FB612}.Release|Any CPU.Build.0 = Release|Any CPU
		{112809AC-AEF6-468F-910B-A536406B3653}.Debug|Any CPU.ActiveCfg = Debug|Any CPU
		{112809AC-AEF6-468F-910B-A536406B3653}.Debug|Any CPU.Build.0 = Debug|Any CPU
		{112809AC-AEF6-468F-910B-A536406B3653}.Release|Any CPU.ActiveCfg = Release|Any CPU
		{112809AC-AEF6-468F-910B-A536406B3653}.Release|Any CPU.Build.0 = Release|Any CPU
		{3FEB1278-42CA-4091-8F9C-3F790E2CCC2A}.Debug|Any CPU.ActiveCfg = Debug|Any CPU
		{3FEB1278-42CA-4091-8F9C-3F790E2CCC2A}.Debug|Any CPU.Build.0 = Debug|Any CPU
		{3FEB1278-42CA-4091-8F9C-3F790E2CCC2A}.Release|Any CPU.ActiveCfg = Release|Any CPU
		{3FEB1278-42CA-4091-8F9C-3F790E2CCC2A}.Release|Any CPU.Build.0 = Release|Any CPU
		{ED1C8F7C-52AA-47CB-9672-6CEA70F45AA1}.Debug|Any CPU.ActiveCfg = Debug|Any CPU
		{ED1C8F7C-52AA-47CB-9672-6CEA70F45AA1}.Debug|Any CPU.Build.0 = Debug|Any CPU
		{ED1C8F7C-52AA-47CB-9672-6CEA70F45AA1}.Release|Any CPU.ActiveCfg = Release|Any CPU
		{ED1C8F7C-52AA-47CB-9672-6CEA70F45AA1}.Release|Any CPU.Build.0 = Release|Any CPU
	EndGlobalSection
	GlobalSection(SolutionProperties) = preSolution
		HideSolutionNode = FALSE
	EndGlobalSection
	GlobalSection(NestedProjects) = preSolution
		{0399AA1F-4DC7-4F42-A673-8F0F244B2BD1} = {E24C6895-D8C3-4DAA-B55E-8B20AAA65172}
		{9944E9BF-429E-4200-A5B0-10311DBF99C8} = {0399AA1F-4DC7-4F42-A673-8F0F244B2BD1}
		{5609EDDF-742D-4754-8459-9403C3065B68} = {0399AA1F-4DC7-4F42-A673-8F0F244B2BD1}
		{D7325FA6-019E-45AF-8BA7-28B36104E3A4} = {0399AA1F-4DC7-4F42-A673-8F0F244B2BD1}
		{5312B5E7-7F86-4860-B850-287947B22DF3} = {0399AA1F-4DC7-4F42-A673-8F0F244B2BD1}
		{DEF1D0F4-D150-47F8-ACD4-1F281273EA23} = {0399AA1F-4DC7-4F42-A673-8F0F244B2BD1}
		{B1B2805A-74D4-4F26-90C7-B0140694F666} = {0399AA1F-4DC7-4F42-A673-8F0F244B2BD1}
		{5D6F794D-9E57-465D-A77A-BB592E3CA542} = {0399AA1F-4DC7-4F42-A673-8F0F244B2BD1}
		{BBF09396-4D3C-4418-BF1C-361EB11F6DCB} = {0399AA1F-4DC7-4F42-A673-8F0F244B2BD1}
		{0A95667E-A69D-4D70-8424-98FD35420EFE} = {E24C6895-D8C3-4DAA-B55E-8B20AAA65172}
		{BF8198B1-82A1-401E-BED0-29AD7580D4DC} = {0A95667E-A69D-4D70-8424-98FD35420EFE}
		{15ABFCB7-A49E-49BD-AF46-4CC8DDD9B5F3} = {0A95667E-A69D-4D70-8424-98FD35420EFE}
		{F9452E02-F253-4D2C-B445-F287F98A2AC9} = {E24C6895-D8C3-4DAA-B55E-8B20AAA65172}
		{2842F96A-B5CD-4ABF-8395-8CE59EB8EED7} = {F9452E02-F253-4D2C-B445-F287F98A2AC9}
		{2FA4442D-0F9E-4EBC-89A9-EC86F2ABC708} = {F9452E02-F253-4D2C-B445-F287F98A2AC9}
		{AD931E4E-9F20-47A5-8997-298AFC71C6DC} = {E24C6895-D8C3-4DAA-B55E-8B20AAA65172}
		{CAA84FE5-62EA-4048-B573-0C0ED8A19AB8} = {AD931E4E-9F20-47A5-8997-298AFC71C6DC}
		{3D7DC113-8923-4051-8F17-086BE28BE5AE} = {AD931E4E-9F20-47A5-8997-298AFC71C6DC}
		{3173FE0F-1606-4018-AF1E-7BFA6BB41718} = {AD931E4E-9F20-47A5-8997-298AFC71C6DC}
		{0C515D14-F683-4A7F-8A27-BC12F3001593} = {AD931E4E-9F20-47A5-8997-298AFC71C6DC}
		{DCC918AD-3DA4-45D3-A01D-D2599F9DA662} = {AD931E4E-9F20-47A5-8997-298AFC71C6DC}
		{A7DBCB8C-F6F4-4084-B47B-6DDDF57A84D8} = {AD931E4E-9F20-47A5-8997-298AFC71C6DC}
		{0D596CC3-5823-4E10-8FA0-C4B4C4A8E77D} = {AD931E4E-9F20-47A5-8997-298AFC71C6DC}
		{6661C22E-B85E-4BF9-819F-83C5C8E6D175} = {AD931E4E-9F20-47A5-8997-298AFC71C6DC}
		{4139E671-01E1-4A6E-939A-AC4913CEFDA2} = {AD931E4E-9F20-47A5-8997-298AFC71C6DC}
		{EDD95C17-CD1F-43E2-B0B0-392EA3CA2E47} = {AD931E4E-9F20-47A5-8997-298AFC71C6DC}
		{41837B32-9F5E-4A8A-A14F-CA78ED99F348} = {AD931E4E-9F20-47A5-8997-298AFC71C6DC}
		{2561CA1B-AF3A-4220-9FC6-07913F1E7A79} = {AD931E4E-9F20-47A5-8997-298AFC71C6DC}
		{1EC550F1-CCCF-4B3A-A84F-6907044DF710} = {AD931E4E-9F20-47A5-8997-298AFC71C6DC}
		{A8C532C7-8C98-425E-9184-3240F2944A7A} = {AD931E4E-9F20-47A5-8997-298AFC71C6DC}
		{B1864821-74B0-4B2A-A2AE-8F086AEFBB05} = {0A95667E-A69D-4D70-8424-98FD35420EFE}
		{6E95F230-0AB8-4B4C-A690-FBD8D036787C} = {0A95667E-A69D-4D70-8424-98FD35420EFE}
		{BB9E0607-E224-413A-AF71-4E86A24DB4D2} = {0A95667E-A69D-4D70-8424-98FD35420EFE}
		{4A517E1A-EDC0-4E2F-B223-911A58DD3B4C} = {0A95667E-A69D-4D70-8424-98FD35420EFE}
		{723D4EF2-90F8-4129-81C1-2B755C9978D3} = {0A95667E-A69D-4D70-8424-98FD35420EFE}
		{3EAC69CC-A6C8-4017-8572-B73D8B1C08E5} = {E24C6895-D8C3-4DAA-B55E-8B20AAA65172}
		{83570A5D-B02B-4934-B3D9-84F3960F4AF6} = {3EAC69CC-A6C8-4017-8572-B73D8B1C08E5}
		{8BCFC0D7-218D-4656-9E00-F4A6526DF969} = {AD931E4E-9F20-47A5-8997-298AFC71C6DC}
		{8C753683-F52C-4866-B521-DB2347464BEC} = {F9452E02-F253-4D2C-B445-F287F98A2AC9}
		{183198A7-CA93-4E50-BFC1-3AED07FA7D3E} = {AD931E4E-9F20-47A5-8997-298AFC71C6DC}
		{653C96E9-942D-4F48-AD78-A271ABE7568E} = {AD931E4E-9F20-47A5-8997-298AFC71C6DC}
		{17E61F71-B1DB-44A4-B56D-3A48D57EC2BF} = {AD931E4E-9F20-47A5-8997-298AFC71C6DC}
		{356171E4-9B6F-4234-BF77-2578C5C58CCB} = {AD931E4E-9F20-47A5-8997-298AFC71C6DC}
		{9F2256A4-7407-43B5-B287-B0631C72F43C} = {AD931E4E-9F20-47A5-8997-298AFC71C6DC}
		{33B08EC5-274A-4ED2-96D0-FCD0032FB612} = {AD931E4E-9F20-47A5-8997-298AFC71C6DC}
		{112809AC-AEF6-468F-910B-A536406B3653} = {AD931E4E-9F20-47A5-8997-298AFC71C6DC}
		{3FEB1278-42CA-4091-8F9C-3F790E2CCC2A} = {AD931E4E-9F20-47A5-8997-298AFC71C6DC}
		{ED1C8F7C-52AA-47CB-9672-6CEA70F45AA1} = {F9452E02-F253-4D2C-B445-F287F98A2AC9}
	EndGlobalSection
EndGlobal
